schema_version: "1.0"
stack_id: careerhub
instance_id: grace
engine_repository: Motherpher/CareerHubZero
engine_version: 0.2.4-alpha
alignment: blocked
blockers:
  - CareerHub/src/careerhub
  - CareerHub/scripts/careerhub.py
  - CareerHub/hrdm/HRDM_R_v6.3.md
  - repository relocation to Motherpher pending
generated_by: Motherpher/CareerHubZero
note: Grace is registered and policy-normalised. The legacy motor remains active only until central-motor parity and Motherpher repository relocation are completed.
